
Microsoft Visual Studio Solution File, Format Version 12.00
# Visual Studio 15
VisualStudioVersion = 15.0.28307.1684
MinimumVisualStudioVersion = 10.0.40219.1
Project("{8BC9CEB8-8B4A-11D0-8D11-00A0C91BC942}") = "Project1", "Project1\Project1.vcxproj", "{0788F4A5-CA81-4880-B4B1-A07A8B469D30}"
EndProject
Global
	GlobalSection(SolutionConfigurationPlatforms) = preSolution
		Debug|x64 = Debug|x64
		Debug|x86 = Debug|x86
		Release|x64 = Release|x64
		Release|x86 = Release|x86
	EndGlobalSection
	GlobalSection(ProjectConfigurationPlatforms) = postSolution
		{0788F4A5-CA81-4880-B4B1-A07A8B469D30}.Debug|x64.ActiveCfg = Debug|x64
		{0788F4A5-CA81-4880-B4B1-A07A8B469D30}.Debug|x64.Build.0 = Debug|x64
		{0788F4A5-CA81-4880-B4B1-A07A8B469D30}.Debug|x86.ActiveCfg = Debug|Win32
		{0788F4A5-CA81-4880-B4B1-A07A8B469D30}.Debug|x86.Build.0 = Debug|Win32
		{0788F4A5-CA81-4880-B4B1-A07A8B469D30}.Release|x64.ActiveCfg = Release|x64
		{0788F4A5-CA81-4880-B4B1-A07A8B469D30}.Release|x64.Build.0 = Release|x64
		{0788F4A5-CA81-4880-B4B1-A07A8B469D30}.Release|x86.ActiveCfg = Release|Win32
		{0788F4A5-CA81-4880-B4B1-A07A8B469D30}.Release|x86.Build.0 = Release|Win32
	EndGlobalSection
	GlobalSection(SolutionProperties) = preSolution
		HideSolutionNode = FALSE
	EndGlobalSection
	GlobalSection(ExtensibilityGlobals) = postSolution
		SolutionGuid = {4461EF92-1AF2-4E87-8F9E-8471BEB0DF52}
	EndGlobalSection
EndGlobal
